
Microsoft Visual Studio Solution File, Format Version 12.00
# Visual Studio Version 17
VisualStudioVersion = 17.8.34330.188
MinimumVisualStudioVersion = 10.0.40219.1
Project("{9A19103F-16F7-4668-BE54-9A1E7A4F7556}") = "Exercice1", "Exercice1\Exercice1.csproj", "{85781EBE-25C3-4AB1-8549-76DF44C43EEB}"
EndProject
Project("{9A19103F-16F7-4668-BE54-9A1E7A4F7556}") = "Exercice02", "Exercice02\Exercice02.csproj", "{A95E0B79-7348-4F66-9516-A6C74A3E8C32}"
EndProject
Project("{9A19103F-16F7-4668-BE54-9A1E7A4F7556}") = "Exercice03", "Exercice03\Exercice03.csproj", "{DCB1C7B2-8852-427C-85EA-E081D004A29C}"
EndProject
Project("{9A19103F-16F7-4668-BE54-9A1E7A4F7556}") = "Exercice04", "Exercice04\Exercice04.csproj", "{69F7183F-2155-4F62-8F62-1E79EC15E963}"
EndProject
Project("{9A19103F-16F7-4668-BE54-9A1E7A4F7556}") = "Exercice05", "Exercice05\Exercice05.csproj", "{51675386-4419-45DF-8022-542805F29B4F}"
EndProject
Project("{9A19103F-16F7-4668-BE54-9A1E7A4F7556}") = "Exercice06", "Exercice06\Exercice06.csproj", "{044B9181-087D-4FB3-A272-828A28BFDA64}"
EndProject
Project("{9A19103F-16F7-4668-BE54-9A1E7A4F7556}") = "Exercice07", "Exercice07\Exercice07.csproj", "{AEA30474-73C3-4810-93C7-4F1D92B47A68}"
EndProject
Project("{9A19103F-16F7-4668-BE54-9A1E7A4F7556}") = "Exercice08", "Exercice08\Exercice08.csproj", "{48669883-B6DC-4BE8-9178-376D9BA494AF}"
EndProject
Project("{9A19103F-16F7-4668-BE54-9A1E7A4F7556}") = "Exercice09", "Exercice09\Exercice09.csproj", "{9D4BE268-D027-4862-B928-919A6E479307}"
EndProject
Project("{9A19103F-16F7-4668-BE54-9A1E7A4F7556}") = "Exercice10", "Exercice10\Exercice10.csproj", "{C4C135F5-7234-4D2C-8C19-312630CA740C}"
EndProject
Project("{9A19103F-16F7-4668-BE54-9A1E7A4F7556}") = "Exercice11", "Exercice11\Exercice11.csproj", "{BAAEAF1B-544A-4493-BFF4-F12FA9520283}"
EndProject
Project("{9A19103F-16F7-4668-BE54-9A1E7A4F7556}") = "Exercice12", "Exercice12\Exercice12.csproj", "{2AA07342-0636-4F76-8ADB-49FDA62221B7}"
EndProject
Project("{9A19103F-16F7-4668-BE54-9A1E7A4F7556}") = "Exercice13", "Exercice13\Exercice13.csproj", "{B4B52466-4F32-4869-8109-7C2568E23798}"
EndProject
Project("{FAE04EC0-301F-11D3-BF4B-00C04F79EFBC}") = "Exercice14", "Exercice14\Exercice14.csproj", "{2E4A3513-FCBE-448A-AD03-0DCBD5A8ACC1}"
EndProject
Project("{FAE04EC0-301F-11D3-BF4B-00C04F79EFBC}") = "Exercice15", "Exercice15\Exercice15.csproj", "{5759949E-3D94-4DB0-825F-8FBDB3DD4B81}"
EndProject
Project("{FAE04EC0-301F-11D3-BF4B-00C04F79EFBC}") = "Exercice17", "Exercice17\Exercice17.csproj", "{F499A706-7B97-403D-A250-43E23EF066C8}"
EndProject
Project("{FAE04EC0-301F-11D3-BF4B-00C04F79EFBC}") = "Exercice18", "Exercice18\Exercice18.csproj", "{82645079-0CB9-4602-B77D-159C0A347FD6}"
EndProject
Global
	GlobalSection(SolutionConfigurationPlatforms) = preSolution
		Debug|Any CPU = Debug|Any CPU
		Release|Any CPU = Release|Any CPU
	EndGlobalSection
	GlobalSection(ProjectConfigurationPlatforms) = postSolution
		{85781EBE-25C3-4AB1-8549-76DF44C43EEB}.Debug|Any CPU.ActiveCfg = Debug|Any CPU
		{85781EBE-25C3-4AB1-8549-76DF44C43EEB}.Debug|Any CPU.Build.0 = Debug|Any CPU
		{85781EBE-25C3-4AB1-8549-76DF44C43EEB}.Release|Any CPU.ActiveCfg = Release|Any CPU
		{85781EBE-25C3-4AB1-8549-76DF44C43EEB}.Release|Any CPU.Build.0 = Release|Any CPU
		{A95E0B79-7348-4F66-9516-A6C74A3E8C32}.Debug|Any CPU.ActiveCfg = Debug|Any CPU
		{A95E0B79-7348-4F66-9516-A6C74A3E8C32}.Debug|Any CPU.Build.0 = Debug|Any CPU
		{A95E0B79-7348-4F66-9516-A6C74A3E8C32}.Release|Any CPU.ActiveCfg = Release|Any CPU
		{A95E0B79-7348-4F66-9516-A6C74A3E8C32}.Release|Any CPU.Build.0 = Release|Any CPU
		{DCB1C7B2-8852-427C-85EA-E081D004A29C}.Debug|Any CPU.ActiveCfg = Debug|Any CPU
		{DCB1C7B2-8852-427C-85EA-E081D004A29C}.Debug|Any CPU.Build.0 = Debug|Any CPU
		{DCB1C7B2-8852-427C-85EA-E081D004A29C}.Release|Any CPU.ActiveCfg = Release|Any CPU
		{DCB1C7B2-8852-427C-85EA-E081D004A29C}.Release|Any CPU.Build.0 = Release|Any CPU
		{69F7183F-2155-4F62-8F62-1E79EC15E963}.Debug|Any CPU.ActiveCfg = Debug|Any CPU
		{69F7183F-2155-4F62-8F62-1E79EC15E963}.Debug|Any CPU.Build.0 = Debug|Any CPU
		{69F7183F-2155-4F62-8F62-1E79EC15E963}.Release|Any CPU.ActiveCfg = Release|Any CPU
		{69F7183F-2155-4F62-8F62-1E79EC15E963}.Release|Any CPU.Build.0 = Release|Any CPU
		{51675386-4419-45DF-8022-542805F29B4F}.Debug|Any CPU.ActiveCfg = Debug|Any CPU
		{51675386-4419-45DF-8022-542805F29B4F}.Debug|Any CPU.Build.0 = Debug|Any CPU
		{51675386-4419-45DF-8022-542805F29B4F}.Release|Any CPU.ActiveCfg = Release|Any CPU
		{51675386-4419-45DF-8022-542805F29B4F}.Release|Any CPU.Build.0 = Release|Any CPU
		{044B9181-087D-4FB3-A272-828A28BFDA64}.Debug|Any CPU.ActiveCfg = Debug|Any CPU
		{044B9181-087D-4FB3-A272-828A28BFDA64}.Debug|Any CPU.Build.0 = Debug|Any CPU
		{044B9181-087D-4FB3-A272-828A28BFDA64}.Release|Any CPU.ActiveCfg = Release|Any CPU
		{044B9181-087D-4FB3-A272-828A28BFDA64}.Release|Any CPU.Build.0 = Release|Any CPU
		{AEA30474-73C3-4810-93C7-4F1D92B47A68}.Debug|Any CPU.ActiveCfg = Debug|Any CPU
		{AEA30474-73C3-4810-93C7-4F1D92B47A68}.Debug|Any CPU.Build.0 = Debug|Any CPU
		{AEA30474-73C3-4810-93C7-4F1D92B47A68}.Release|Any CPU.ActiveCfg = Release|Any CPU
		{AEA30474-73C3-4810-93C7-4F1D92B47A68}.Release|Any CPU.Build.0 = Release|Any CPU
		{48669883-B6DC-4BE8-9178-376D9BA494AF}.Debug|Any CPU.ActiveCfg = Debug|Any CPU
		{48669883-B6DC-4BE8-9178-376D9BA494AF}.Debug|Any CPU.Build.0 = Debug|Any CPU
		{48669883-B6DC-4BE8-9178-376D9BA494AF}.Release|Any CPU.ActiveCfg = Release|Any CPU
		{48669883-B6DC-4BE8-9178-376D9BA494AF}.Release|Any CPU.Build.0 = Release|Any CPU
		{9D4BE268-D027-4862-B928-919A6E479307}.Debug|Any CPU.ActiveCfg = Debug|Any CPU
		{9D4BE268-D027-4862-B928-919A6E479307}.Debug|Any CPU.Build.0 = Debug|Any CPU
		{9D4BE268-D027-4862-B928-919A6E479307}.Release|Any CPU.ActiveCfg = Release|Any CPU
		{9D4BE268-D027-4862-B928-919A6E479307}.Release|Any CPU.Build.0 = Release|Any CPU
		{C4C135F5-7234-4D2C-8C19-312630CA740C}.Debug|Any CPU.ActiveCfg = Debug|Any CPU
		{C4C135F5-7234-4D2C-8C19-312630CA740C}.Debug|Any CPU.Build.0 = Debug|Any CPU
		{C4C135F5-7234-4D2C-8C19-312630CA740C}.Release|Any CPU.ActiveCfg = Release|Any CPU
		{C4C135F5-7234-4D2C-8C19-312630CA740C}.Release|Any CPU.Build.0 = Release|Any CPU
		{BAAEAF1B-544A-4493-BFF4-F12FA9520283}.Debug|Any CPU.ActiveCfg = Debug|Any CPU
		{BAAEAF1B-544A-4493-BFF4-F12FA9520283}.Debug|Any CPU.Build.0 = Debug|Any CPU
		{BAAEAF1B-544A-4493-BFF4-F12FA9520283}.Release|Any CPU.ActiveCfg = Release|Any CPU
		{BAAEAF1B-544A-4493-BFF4-F12FA9520283}.Release|Any CPU.Build.0 = Release|Any CPU
		{2AA07342-0636-4F76-8ADB-49FDA62221B7}.Debug|Any CPU.ActiveCfg = Debug|Any CPU
		{2AA07342-0636-4F76-8ADB-49FDA62221B7}.Debug|Any CPU.Build.0 = Debug|Any CPU
		{2AA07342-0636-4F76-8ADB-49FDA62221B7}.Release|Any CPU.ActiveCfg = Release|Any CPU
		{2AA07342-0636-4F76-8ADB-49FDA62221B7}.Release|Any CPU.Build.0 = Release|Any CPU
		{B4B52466-4F32-4869-8109-7C2568E23798}.Debug|Any CPU.ActiveCfg = Debug|Any CPU
		{B4B52466-4F32-4869-8109-7C2568E23798}.Debug|Any CPU.Build.0 = Debug|Any CPU
		{B4B52466-4F32-4869-8109-7C2568E23798}.Release|Any CPU.ActiveCfg = Release|Any CPU
		{B4B52466-4F32-4869-8109-7C2568E23798}.Release|Any CPU.Build.0 = Release|Any CPU
		{2E4A3513-FCBE-448A-AD03-0DCBD5A8ACC1}.Debug|Any CPU.ActiveCfg = Debug|Any CPU
		{2E4A3513-FCBE-448A-AD03-0DCBD5A8ACC1}.Debug|Any CPU.Build.0 = Debug|Any CPU
		{2E4A3513-FCBE-448A-AD03-0DCBD5A8ACC1}.Release|Any CPU.ActiveCfg = Release|Any CPU
		{2E4A3513-FCBE-448A-AD03-0DCBD5A8ACC1}.Release|Any CPU.Build.0 = Release|Any CPU
		{5759949E-3D94-4DB0-825F-8FBDB3DD4B81}.Debug|Any CPU.ActiveCfg = Debug|Any CPU
		{5759949E-3D94-4DB0-825F-8FBDB3DD4B81}.Debug|Any CPU.Build.0 = Debug|Any CPU
		{5759949E-3D94-4DB0-825F-8FBDB3DD4B81}.Release|Any CPU.ActiveCfg = Release|Any CPU
		{5759949E-3D94-4DB0-825F-8FBDB3DD4B81}.Release|Any CPU.Build.0 = Release|Any CPU
		{F499A706-7B97-403D-A250-43E23EF066C8}.Debug|Any CPU.ActiveCfg = Debug|Any CPU
		{F499A706-7B97-403D-A250-43E23EF066C8}.Debug|Any CPU.Build.0 = Debug|Any CPU
		{F499A706-7B97-403D-A250-43E23EF066C8}.Release|Any CPU.ActiveCfg = Release|Any CPU
		{F499A706-7B97-403D-A250-43E23EF066C8}.Release|Any CPU.Build.0 = Release|Any CPU
		{82645079-0CB9-4602-B77D-159C0A347FD6}.Debug|Any CPU.ActiveCfg = Debug|Any CPU
		{82645079-0CB9-4602-B77D-159C0A347FD6}.Debug|Any CPU.Build.0 = Debug|Any CPU
		{82645079-0CB9-4602-B77D-159C0A347FD6}.Release|Any CPU.ActiveCfg = Release|Any CPU
		{82645079-0CB9-4602-B77D-159C0A347FD6}.Release|Any CPU.Build.0 = Release|Any CPU
	EndGlobalSection
	GlobalSection(SolutionProperties) = preSolution
		HideSolutionNode = FALSE
	EndGlobalSection
	GlobalSection(ExtensibilityGlobals) = postSolution
		SolutionGuid = {2241550E-B6FA-4F38-BDC7-15A4E8FB3446}
	EndGlobalSection
EndGlobal
