
Microsoft Visual Studio Solution File, Format Version 12.00
# Visual Studio Version 17
VisualStudioVersion = 17.8.34330.188
MinimumVisualStudioVersion = 10.0.40219.1
Project("{9A19103F-16F7-4668-BE54-9A1E7A4F7556}") = "Exercice1", "Exercice1\Exercice1.csproj", "{85781EBE-25C3-4AB1-8549-76DF44C43EEB}"
EndProject
Project("{9A19103F-16F7-4668-BE54-9A1E7A4F7556}") = "Exercice02", "Exercice02\Exercice02.csproj", "{A95E0B79-7348-4F66-9516-A6C74A3E8C32}"
EndProject
Project("{9A19103F-16F7-4668-BE54-9A1E7A4F7556}") = "Exercice03", "Exercice03\Exercice03.csproj", "{DCB1C7B2-8852-427C-85EA-E081D004A29C}"
EndProject
Project("{9A19103F-16F7-4668-BE54-9A1E7A4F7556}") = "Exercice04", "Exercice04\Exercice04.csproj", "{69F7183F-2155-4F62-8F62-1E79EC15E963}"
EndProject
Project("{9A19103F-16F7-4668-BE54-9A1E7A4F7556}") = "Exercice05", "Exercice05\Exercice05.csproj", "{51675386-4419-45DF-8022-542805F29B4F}"
EndProject
Project("{9A19103F-16F7-4668-BE54-9A1E7A4F7556}") = "Exercice06", "Exercice06\Exercice06.csproj", "{044B9181-087D-4FB3-A272-828A28BFDA64}"
EndProject
Project("{9A19103F-16F7-4668-BE54-9A1E7A4F7556}") = "Exercice07", "Exercice07\Exercice07.csproj", "{AEA30474-73C3-4810-93C7-4F1D92B47A68}"
EndProject
Project("{9A19103F-16F7-4668-BE54-9A1E7A4F7556}") = "Exercice08", "Exercice08\Exercice08.csproj", "{48669883-B6DC-4BE8-9178-376D9BA494AF}"
EndProject
Project("{9A19103F-16F7-4668-BE54-9A1E7A4F7556}") = "Exercice09", "Exercice09\Exercice09.csproj", "{9D4BE268-D027-4862-B928-919A6E479307}"
EndProject
Project("{9A19103F-16F7-4668-BE54-9A1E7A4F7556}") = "Exercice10", "Exercice10\Exercice10.csproj", "{C4C135F5-7234-4D2C-8C19-312630CA740C}"
EndProject
Project("{9A19103F-16F7-4668-BE54-9A1E7A4F7556}") = "Exercice11", "Exercice11\Exercice11.csproj", "{BAAEAF1B-544A-4493-BFF4-F12FA9520283}"
EndProject
Project("{9A19103F-16F7-4668-BE54-9A1E7A4F7556}") = "Exercice12", "Exercice12\Exercice12.csproj", "{2AA07342-0636-4F76-8ADB-49FDA62221B7}"
EndProject
Project("{9A19103F-16F7-4668-BE54-9A1E7A4F7556}") = "Exercice13", "Exercice13\Exercice13.csproj", "{B4B52466-4F32-4869-8109-7C2568E23798}"
EndProject
Project("{9A19103F-16F7-4668-BE54-9A1E7A4F7556}") = "Exercice14", "Exercice14\Exercice14.csproj", "{2E4A3513-FCBE-448A-AD03-0DCBD5A8ACC1}"
EndProject
Project("{9A19103F-16F7-4668-BE54-9A1E7A4F7556}") = "Exercice15", "Exercice15\Exercice15.csproj", "{5759949E-3D94-4DB0-825F-8FBDB3DD4B81}"
EndProject
Project("{9A19103F-16F7-4668-BE54-9A1E7A4F7556}") = "Exercice17", "Exercice17\Exercice17.csproj", "{F499A706-7B97-403D-A250-43E23EF066C8}"
EndProject
Project("{9A19103F-16F7-4668-BE54-9A1E7A4F7556}") = "Exercice18", "Exercice18\Exercice18.csproj", "{82645079-0CB9-4602-B77D-159C0A347FD6}"
EndProject
Project("{9A19103F-16F7-4668-BE54-9A1E7A4F7556}") = "Exercice20", "Exercice20\Exercice20.csproj", "{3B609A06-302F-45D9-97F6-CA93B3EB3332}"
EndProject
Project("{9A19103F-16F7-4668-BE54-9A1E7A4F7556}") = "Exercice21", "Exercice21\Exercice21.csproj", "{83527437-C4A1-4FB3-9BAC-D3423D5D4968}"
EndProject
Project("{9A19103F-16F7-4668-BE54-9A1E7A4F7556}") = "Exercice22", "Exercice22\Exercice22.csproj", "{F91F1BDE-114F-4D1F-9817-8E6EC8EC9EEE}"
EndProject
Project("{9A19103F-16F7-4668-BE54-9A1E7A4F7556}") = "Exercice23", "Exercice23\Exercice23.csproj", "{C9AD231C-2836-4739-8808-60426CF49BBC}"
EndProject
Project("{9A19103F-16F7-4668-BE54-9A1E7A4F7556}") = "Exercice24", "Exercice24\Exercice24.csproj", "{3923566B-FEEC-4EE7-BC45-0C6335AB311E}"
EndProject
Project("{9A19103F-16F7-4668-BE54-9A1E7A4F7556}") = "Exercice25", "Exercice25\Exercice25.csproj", "{24BA8342-6BB0-4DFF-AE5F-7153290AF636}"
EndProject
Project("{9A19103F-16F7-4668-BE54-9A1E7A4F7556}") = "Bonus1", "Bonus1\Bonus1.csproj", "{D3CECA03-4B04-4545-9A83-56F234D34C80}"
EndProject
Project("{9A19103F-16F7-4668-BE54-9A1E7A4F7556}") = "Bonus2", "Bonus2\Bonus2.csproj", "{D56793DE-43EA-4834-9155-EB557EAB336F}"
EndProject
Project("{9A19103F-16F7-4668-BE54-9A1E7A4F7556}") = "Exercice25 bis", "Exercice25 bis\Exercice25 bis.csproj", "{4FFE4401-50EE-4F11-B0F7-5735B3CB9C4D}"
EndProject
Project("{9A19103F-16F7-4668-BE54-9A1E7A4F7556}") = "Bonus3", "Bonus3\Bonus3.csproj", "{E3D2401C-83DD-4205-9308-1F4FBD572C61}"
EndProject
Project("{9A19103F-16F7-4668-BE54-9A1E7A4F7556}") = "Bonus4", "Bonus4\Bonus4.csproj", "{6DAE6365-144B-4E2D-A07B-7389C21C3632}"
EndProject
Project("{9A19103F-16F7-4668-BE54-9A1E7A4F7556}") = "Exercice26", "Exercice26\Exercice26.csproj", "{E6D1D889-79D8-4644-B70E-89A8CA1F22BA}"
EndProject
Project("{9A19103F-16F7-4668-BE54-9A1E7A4F7556}") = "Exercice27", "Exercice27\Exercice27.csproj", "{EA13FF1E-723B-4B0F-B9AF-29D93FB35139}"
EndProject
Project("{9A19103F-16F7-4668-BE54-9A1E7A4F7556}") = "Exercice28", "Exercice28\Exercice28.csproj", "{389E2834-3354-4034-94CB-8DAB01695CA2}"
EndProject
Project("{9A19103F-16F7-4668-BE54-9A1E7A4F7556}") = "Exercice29", "Exercice29\Exercice29.csproj", "{3094E877-A7F6-4D63-8766-61C693D93944}"
EndProject
Project("{9A19103F-16F7-4668-BE54-9A1E7A4F7556}") = "Exercice30", "Exercice30\Exercice30.csproj", "{785F73D4-1442-45E3-8094-E3AF98C0CDB7}"
EndProject
Project("{9A19103F-16F7-4668-BE54-9A1E7A4F7556}") = "Exercice31", "Exercice31\Exercice31.csproj", "{3DAC4484-477C-4AA7-925F-9D682DCF565D}"
EndProject
Project("{9A19103F-16F7-4668-BE54-9A1E7A4F7556}") = "Exercice32", "Exercice32\Exercice32.csproj", "{3336B039-F796-4BF1-930F-51628B2D0F64}"
EndProject
Project("{9A19103F-16F7-4668-BE54-9A1E7A4F7556}") = "Exercice33", "Exercice33\Exercice33.csproj", "{2ED644E9-08CB-4B37-A705-DB46BE593A82}"
EndProject
Project("{9A19103F-16F7-4668-BE54-9A1E7A4F7556}") = "Exercice34", "Exercice34\Exercice34.csproj", "{BDE8F174-7DB6-4D8D-96AA-91AB26DF1654}"
EndProject
Project("{9A19103F-16F7-4668-BE54-9A1E7A4F7556}") = "Exercice35", "Exercice35\Exercice35.csproj", "{93BCA3E8-5E9C-4ACE-BC41-A307ED14A835}"
EndProject
Project("{9A19103F-16F7-4668-BE54-9A1E7A4F7556}") = "Exercice36", "Exercice36\Exercice36.csproj", "{241F5D3D-A016-4D62-8743-AF408DC00827}"
EndProject
Project("{9A19103F-16F7-4668-BE54-9A1E7A4F7556}") = "Exercice37", "Exercice37\Exercice37.csproj", "{C60537A4-7EEB-4C92-9AB0-26D193AD4E3C}"
EndProject
Project("{9A19103F-16F7-4668-BE54-9A1E7A4F7556}") = "Exercice38", "Exercice38\Exercice38.csproj", "{3C5CAC2B-AB81-4B5E-88C1-D106E8724F7E}"
EndProject
Project("{9A19103F-16F7-4668-BE54-9A1E7A4F7556}") = "Exercice39", "Exercice39\Exercice39.csproj", "{DA7BA9E0-AC52-411B-AD76-88A053F37DF9}"
EndProject
Project("{9A19103F-16F7-4668-BE54-9A1E7A4F7556}") = "Exercice40", "Exercice40\Exercice40.csproj", "{71A033C2-C274-40B6-8926-1829EEA1022A}"
EndProject
Project("{FAE04EC0-301F-11D3-BF4B-00C04F79EFBC}") = "Exercice40.1", "Exercice40.1\Exercice40.1.csproj", "{11AC27FD-D355-45B1-82CD-61CDEA51ADFF}"
EndProject
Project("{FAE04EC0-301F-11D3-BF4B-00C04F79EFBC}") = "Exercice40.2", "Exercice40.2\Exercice40.2.csproj", "{3CB9D734-F344-4CDF-864E-90332C818D21}"
EndProject
Global
	GlobalSection(SolutionConfigurationPlatforms) = preSolution
		Debug|Any CPU = Debug|Any CPU
		Release|Any CPU = Release|Any CPU
	EndGlobalSection
	GlobalSection(ProjectConfigurationPlatforms) = postSolution
		{85781EBE-25C3-4AB1-8549-76DF44C43EEB}.Debug|Any CPU.ActiveCfg = Debug|Any CPU
		{85781EBE-25C3-4AB1-8549-76DF44C43EEB}.Debug|Any CPU.Build.0 = Debug|Any CPU
		{85781EBE-25C3-4AB1-8549-76DF44C43EEB}.Release|Any CPU.ActiveCfg = Release|Any CPU
		{85781EBE-25C3-4AB1-8549-76DF44C43EEB}.Release|Any CPU.Build.0 = Release|Any CPU
		{A95E0B79-7348-4F66-9516-A6C74A3E8C32}.Debug|Any CPU.ActiveCfg = Debug|Any CPU
		{A95E0B79-7348-4F66-9516-A6C74A3E8C32}.Debug|Any CPU.Build.0 = Debug|Any CPU
		{A95E0B79-7348-4F66-9516-A6C74A3E8C32}.Release|Any CPU.ActiveCfg = Release|Any CPU
		{A95E0B79-7348-4F66-9516-A6C74A3E8C32}.Release|Any CPU.Build.0 = Release|Any CPU
		{DCB1C7B2-8852-427C-85EA-E081D004A29C}.Debug|Any CPU.ActiveCfg = Debug|Any CPU
		{DCB1C7B2-8852-427C-85EA-E081D004A29C}.Debug|Any CPU.Build.0 = Debug|Any CPU
		{DCB1C7B2-8852-427C-85EA-E081D004A29C}.Release|Any CPU.ActiveCfg = Release|Any CPU
		{DCB1C7B2-8852-427C-85EA-E081D004A29C}.Release|Any CPU.Build.0 = Release|Any CPU
		{69F7183F-2155-4F62-8F62-1E79EC15E963}.Debug|Any CPU.ActiveCfg = Debug|Any CPU
		{69F7183F-2155-4F62-8F62-1E79EC15E963}.Debug|Any CPU.Build.0 = Debug|Any CPU
		{69F7183F-2155-4F62-8F62-1E79EC15E963}.Release|Any CPU.ActiveCfg = Release|Any CPU
		{69F7183F-2155-4F62-8F62-1E79EC15E963}.Release|Any CPU.Build.0 = Release|Any CPU
		{51675386-4419-45DF-8022-542805F29B4F}.Debug|Any CPU.ActiveCfg = Debug|Any CPU
		{51675386-4419-45DF-8022-542805F29B4F}.Debug|Any CPU.Build.0 = Debug|Any CPU
		{51675386-4419-45DF-8022-542805F29B4F}.Release|Any CPU.ActiveCfg = Release|Any CPU
		{51675386-4419-45DF-8022-542805F29B4F}.Release|Any CPU.Build.0 = Release|Any CPU
		{044B9181-087D-4FB3-A272-828A28BFDA64}.Debug|Any CPU.ActiveCfg = Debug|Any CPU
		{044B9181-087D-4FB3-A272-828A28BFDA64}.Debug|Any CPU.Build.0 = Debug|Any CPU
		{044B9181-087D-4FB3-A272-828A28BFDA64}.Release|Any CPU.ActiveCfg = Release|Any CPU
		{044B9181-087D-4FB3-A272-828A28BFDA64}.Release|Any CPU.Build.0 = Release|Any CPU
		{AEA30474-73C3-4810-93C7-4F1D92B47A68}.Debug|Any CPU.ActiveCfg = Debug|Any CPU
		{AEA30474-73C3-4810-93C7-4F1D92B47A68}.Debug|Any CPU.Build.0 = Debug|Any CPU
		{AEA30474-73C3-4810-93C7-4F1D92B47A68}.Release|Any CPU.ActiveCfg = Release|Any CPU
		{AEA30474-73C3-4810-93C7-4F1D92B47A68}.Release|Any CPU.Build.0 = Release|Any CPU
		{48669883-B6DC-4BE8-9178-376D9BA494AF}.Debug|Any CPU.ActiveCfg = Debug|Any CPU
		{48669883-B6DC-4BE8-9178-376D9BA494AF}.Debug|Any CPU.Build.0 = Debug|Any CPU
		{48669883-B6DC-4BE8-9178-376D9BA494AF}.Release|Any CPU.ActiveCfg = Release|Any CPU
		{48669883-B6DC-4BE8-9178-376D9BA494AF}.Release|Any CPU.Build.0 = Release|Any CPU
		{9D4BE268-D027-4862-B928-919A6E479307}.Debug|Any CPU.ActiveCfg = Debug|Any CPU
		{9D4BE268-D027-4862-B928-919A6E479307}.Debug|Any CPU.Build.0 = Debug|Any CPU
		{9D4BE268-D027-4862-B928-919A6E479307}.Release|Any CPU.ActiveCfg = Release|Any CPU
		{9D4BE268-D027-4862-B928-919A6E479307}.Release|Any CPU.Build.0 = Release|Any CPU
		{C4C135F5-7234-4D2C-8C19-312630CA740C}.Debug|Any CPU.ActiveCfg = Debug|Any CPU
		{C4C135F5-7234-4D2C-8C19-312630CA740C}.Debug|Any CPU.Build.0 = Debug|Any CPU
		{C4C135F5-7234-4D2C-8C19-312630CA740C}.Release|Any CPU.ActiveCfg = Release|Any CPU
		{C4C135F5-7234-4D2C-8C19-312630CA740C}.Release|Any CPU.Build.0 = Release|Any CPU
		{BAAEAF1B-544A-4493-BFF4-F12FA9520283}.Debug|Any CPU.ActiveCfg = Debug|Any CPU
		{BAAEAF1B-544A-4493-BFF4-F12FA9520283}.Debug|Any CPU.Build.0 = Debug|Any CPU
		{BAAEAF1B-544A-4493-BFF4-F12FA9520283}.Release|Any CPU.ActiveCfg = Release|Any CPU
		{BAAEAF1B-544A-4493-BFF4-F12FA9520283}.Release|Any CPU.Build.0 = Release|Any CPU
		{2AA07342-0636-4F76-8ADB-49FDA62221B7}.Debug|Any CPU.ActiveCfg = Debug|Any CPU
		{2AA07342-0636-4F76-8ADB-49FDA62221B7}.Debug|Any CPU.Build.0 = Debug|Any CPU
		{2AA07342-0636-4F76-8ADB-49FDA62221B7}.Release|Any CPU.ActiveCfg = Release|Any CPU
		{2AA07342-0636-4F76-8ADB-49FDA62221B7}.Release|Any CPU.Build.0 = Release|Any CPU
		{B4B52466-4F32-4869-8109-7C2568E23798}.Debug|Any CPU.ActiveCfg = Debug|Any CPU
		{B4B52466-4F32-4869-8109-7C2568E23798}.Debug|Any CPU.Build.0 = Debug|Any CPU
		{B4B52466-4F32-4869-8109-7C2568E23798}.Release|Any CPU.ActiveCfg = Release|Any CPU
		{B4B52466-4F32-4869-8109-7C2568E23798}.Release|Any CPU.Build.0 = Release|Any CPU
		{2E4A3513-FCBE-448A-AD03-0DCBD5A8ACC1}.Debug|Any CPU.ActiveCfg = Debug|Any CPU
		{2E4A3513-FCBE-448A-AD03-0DCBD5A8ACC1}.Debug|Any CPU.Build.0 = Debug|Any CPU
		{2E4A3513-FCBE-448A-AD03-0DCBD5A8ACC1}.Release|Any CPU.ActiveCfg = Release|Any CPU
		{2E4A3513-FCBE-448A-AD03-0DCBD5A8ACC1}.Release|Any CPU.Build.0 = Release|Any CPU
		{5759949E-3D94-4DB0-825F-8FBDB3DD4B81}.Debug|Any CPU.ActiveCfg = Debug|Any CPU
		{5759949E-3D94-4DB0-825F-8FBDB3DD4B81}.Debug|Any CPU.Build.0 = Debug|Any CPU
		{5759949E-3D94-4DB0-825F-8FBDB3DD4B81}.Release|Any CPU.ActiveCfg = Release|Any CPU
		{5759949E-3D94-4DB0-825F-8FBDB3DD4B81}.Release|Any CPU.Build.0 = Release|Any CPU
		{F499A706-7B97-403D-A250-43E23EF066C8}.Debug|Any CPU.ActiveCfg = Debug|Any CPU
		{F499A706-7B97-403D-A250-43E23EF066C8}.Debug|Any CPU.Build.0 = Debug|Any CPU
		{F499A706-7B97-403D-A250-43E23EF066C8}.Release|Any CPU.ActiveCfg = Release|Any CPU
		{F499A706-7B97-403D-A250-43E23EF066C8}.Release|Any CPU.Build.0 = Release|Any CPU
		{82645079-0CB9-4602-B77D-159C0A347FD6}.Debug|Any CPU.ActiveCfg = Debug|Any CPU
		{82645079-0CB9-4602-B77D-159C0A347FD6}.Debug|Any CPU.Build.0 = Debug|Any CPU
		{82645079-0CB9-4602-B77D-159C0A347FD6}.Release|Any CPU.ActiveCfg = Release|Any CPU
		{82645079-0CB9-4602-B77D-159C0A347FD6}.Release|Any CPU.Build.0 = Release|Any CPU
		{3B609A06-302F-45D9-97F6-CA93B3EB3332}.Debug|Any CPU.ActiveCfg = Debug|Any CPU
		{3B609A06-302F-45D9-97F6-CA93B3EB3332}.Debug|Any CPU.Build.0 = Debug|Any CPU
		{3B609A06-302F-45D9-97F6-CA93B3EB3332}.Release|Any CPU.ActiveCfg = Release|Any CPU
		{3B609A06-302F-45D9-97F6-CA93B3EB3332}.Release|Any CPU.Build.0 = Release|Any CPU
		{83527437-C4A1-4FB3-9BAC-D3423D5D4968}.Debug|Any CPU.ActiveCfg = Debug|Any CPU
		{83527437-C4A1-4FB3-9BAC-D3423D5D4968}.Debug|Any CPU.Build.0 = Debug|Any CPU
		{83527437-C4A1-4FB3-9BAC-D3423D5D4968}.Release|Any CPU.ActiveCfg = Release|Any CPU
		{83527437-C4A1-4FB3-9BAC-D3423D5D4968}.Release|Any CPU.Build.0 = Release|Any CPU
		{F91F1BDE-114F-4D1F-9817-8E6EC8EC9EEE}.Debug|Any CPU.ActiveCfg = Debug|Any CPU
		{F91F1BDE-114F-4D1F-9817-8E6EC8EC9EEE}.Debug|Any CPU.Build.0 = Debug|Any CPU
		{F91F1BDE-114F-4D1F-9817-8E6EC8EC9EEE}.Release|Any CPU.ActiveCfg = Release|Any CPU
		{F91F1BDE-114F-4D1F-9817-8E6EC8EC9EEE}.Release|Any CPU.Build.0 = Release|Any CPU
		{C9AD231C-2836-4739-8808-60426CF49BBC}.Debug|Any CPU.ActiveCfg = Debug|Any CPU
		{C9AD231C-2836-4739-8808-60426CF49BBC}.Debug|Any CPU.Build.0 = Debug|Any CPU
		{C9AD231C-2836-4739-8808-60426CF49BBC}.Release|Any CPU.ActiveCfg = Release|Any CPU
		{C9AD231C-2836-4739-8808-60426CF49BBC}.Release|Any CPU.Build.0 = Release|Any CPU
		{3923566B-FEEC-4EE7-BC45-0C6335AB311E}.Debug|Any CPU.ActiveCfg = Debug|Any CPU
		{3923566B-FEEC-4EE7-BC45-0C6335AB311E}.Debug|Any CPU.Build.0 = Debug|Any CPU
		{3923566B-FEEC-4EE7-BC45-0C6335AB311E}.Release|Any CPU.ActiveCfg = Release|Any CPU
		{3923566B-FEEC-4EE7-BC45-0C6335AB311E}.Release|Any CPU.Build.0 = Release|Any CPU
		{24BA8342-6BB0-4DFF-AE5F-7153290AF636}.Debug|Any CPU.ActiveCfg = Debug|Any CPU
		{24BA8342-6BB0-4DFF-AE5F-7153290AF636}.Debug|Any CPU.Build.0 = Debug|Any CPU
		{24BA8342-6BB0-4DFF-AE5F-7153290AF636}.Release|Any CPU.ActiveCfg = Release|Any CPU
		{24BA8342-6BB0-4DFF-AE5F-7153290AF636}.Release|Any CPU.Build.0 = Release|Any CPU
		{D3CECA03-4B04-4545-9A83-56F234D34C80}.Debug|Any CPU.ActiveCfg = Debug|Any CPU
		{D3CECA03-4B04-4545-9A83-56F234D34C80}.Debug|Any CPU.Build.0 = Debug|Any CPU
		{D3CECA03-4B04-4545-9A83-56F234D34C80}.Release|Any CPU.ActiveCfg = Release|Any CPU
		{D3CECA03-4B04-4545-9A83-56F234D34C80}.Release|Any CPU.Build.0 = Release|Any CPU
		{D56793DE-43EA-4834-9155-EB557EAB336F}.Debug|Any CPU.ActiveCfg = Debug|Any CPU
		{D56793DE-43EA-4834-9155-EB557EAB336F}.Debug|Any CPU.Build.0 = Debug|Any CPU
		{D56793DE-43EA-4834-9155-EB557EAB336F}.Release|Any CPU.ActiveCfg = Release|Any CPU
		{D56793DE-43EA-4834-9155-EB557EAB336F}.Release|Any CPU.Build.0 = Release|Any CPU
		{4FFE4401-50EE-4F11-B0F7-5735B3CB9C4D}.Debug|Any CPU.ActiveCfg = Debug|Any CPU
		{4FFE4401-50EE-4F11-B0F7-5735B3CB9C4D}.Debug|Any CPU.Build.0 = Debug|Any CPU
		{4FFE4401-50EE-4F11-B0F7-5735B3CB9C4D}.Release|Any CPU.ActiveCfg = Release|Any CPU
		{4FFE4401-50EE-4F11-B0F7-5735B3CB9C4D}.Release|Any CPU.Build.0 = Release|Any CPU
		{E3D2401C-83DD-4205-9308-1F4FBD572C61}.Debug|Any CPU.ActiveCfg = Debug|Any CPU
		{E3D2401C-83DD-4205-9308-1F4FBD572C61}.Debug|Any CPU.Build.0 = Debug|Any CPU
		{E3D2401C-83DD-4205-9308-1F4FBD572C61}.Release|Any CPU.ActiveCfg = Release|Any CPU
		{E3D2401C-83DD-4205-9308-1F4FBD572C61}.Release|Any CPU.Build.0 = Release|Any CPU
		{6DAE6365-144B-4E2D-A07B-7389C21C3632}.Debug|Any CPU.ActiveCfg = Debug|Any CPU
		{6DAE6365-144B-4E2D-A07B-7389C21C3632}.Debug|Any CPU.Build.0 = Debug|Any CPU
		{6DAE6365-144B-4E2D-A07B-7389C21C3632}.Release|Any CPU.ActiveCfg = Release|Any CPU
		{6DAE6365-144B-4E2D-A07B-7389C21C3632}.Release|Any CPU.Build.0 = Release|Any CPU
		{E6D1D889-79D8-4644-B70E-89A8CA1F22BA}.Debug|Any CPU.ActiveCfg = Debug|Any CPU
		{E6D1D889-79D8-4644-B70E-89A8CA1F22BA}.Debug|Any CPU.Build.0 = Debug|Any CPU
		{E6D1D889-79D8-4644-B70E-89A8CA1F22BA}.Release|Any CPU.ActiveCfg = Release|Any CPU
		{E6D1D889-79D8-4644-B70E-89A8CA1F22BA}.Release|Any CPU.Build.0 = Release|Any CPU
		{EA13FF1E-723B-4B0F-B9AF-29D93FB35139}.Debug|Any CPU.ActiveCfg = Debug|Any CPU
		{EA13FF1E-723B-4B0F-B9AF-29D93FB35139}.Debug|Any CPU.Build.0 = Debug|Any CPU
		{EA13FF1E-723B-4B0F-B9AF-29D93FB35139}.Release|Any CPU.ActiveCfg = Release|Any CPU
		{EA13FF1E-723B-4B0F-B9AF-29D93FB35139}.Release|Any CPU.Build.0 = Release|Any CPU
		{389E2834-3354-4034-94CB-8DAB01695CA2}.Debug|Any CPU.ActiveCfg = Debug|Any CPU
		{389E2834-3354-4034-94CB-8DAB01695CA2}.Debug|Any CPU.Build.0 = Debug|Any CPU
		{389E2834-3354-4034-94CB-8DAB01695CA2}.Release|Any CPU.ActiveCfg = Release|Any CPU
		{389E2834-3354-4034-94CB-8DAB01695CA2}.Release|Any CPU.Build.0 = Release|Any CPU
		{3094E877-A7F6-4D63-8766-61C693D93944}.Debug|Any CPU.ActiveCfg = Debug|Any CPU
		{3094E877-A7F6-4D63-8766-61C693D93944}.Debug|Any CPU.Build.0 = Debug|Any CPU
		{3094E877-A7F6-4D63-8766-61C693D93944}.Release|Any CPU.ActiveCfg = Release|Any CPU
		{3094E877-A7F6-4D63-8766-61C693D93944}.Release|Any CPU.Build.0 = Release|Any CPU
		{785F73D4-1442-45E3-8094-E3AF98C0CDB7}.Debug|Any CPU.ActiveCfg = Debug|Any CPU
		{785F73D4-1442-45E3-8094-E3AF98C0CDB7}.Debug|Any CPU.Build.0 = Debug|Any CPU
		{785F73D4-1442-45E3-8094-E3AF98C0CDB7}.Release|Any CPU.ActiveCfg = Release|Any CPU
		{785F73D4-1442-45E3-8094-E3AF98C0CDB7}.Release|Any CPU.Build.0 = Release|Any CPU
		{3DAC4484-477C-4AA7-925F-9D682DCF565D}.Debug|Any CPU.ActiveCfg = Debug|Any CPU
		{3DAC4484-477C-4AA7-925F-9D682DCF565D}.Debug|Any CPU.Build.0 = Debug|Any CPU
		{3DAC4484-477C-4AA7-925F-9D682DCF565D}.Release|Any CPU.ActiveCfg = Release|Any CPU
		{3DAC4484-477C-4AA7-925F-9D682DCF565D}.Release|Any CPU.Build.0 = Release|Any CPU
		{3336B039-F796-4BF1-930F-51628B2D0F64}.Debug|Any CPU.ActiveCfg = Debug|Any CPU
		{3336B039-F796-4BF1-930F-51628B2D0F64}.Debug|Any CPU.Build.0 = Debug|Any CPU
		{3336B039-F796-4BF1-930F-51628B2D0F64}.Release|Any CPU.ActiveCfg = Release|Any CPU
		{3336B039-F796-4BF1-930F-51628B2D0F64}.Release|Any CPU.Build.0 = Release|Any CPU
		{2ED644E9-08CB-4B37-A705-DB46BE593A82}.Debug|Any CPU.ActiveCfg = Debug|Any CPU
		{2ED644E9-08CB-4B37-A705-DB46BE593A82}.Debug|Any CPU.Build.0 = Debug|Any CPU
		{2ED644E9-08CB-4B37-A705-DB46BE593A82}.Release|Any CPU.ActiveCfg = Release|Any CPU
		{2ED644E9-08CB-4B37-A705-DB46BE593A82}.Release|Any CPU.Build.0 = Release|Any CPU
		{BDE8F174-7DB6-4D8D-96AA-91AB26DF1654}.Debug|Any CPU.ActiveCfg = Debug|Any CPU
		{BDE8F174-7DB6-4D8D-96AA-91AB26DF1654}.Debug|Any CPU.Build.0 = Debug|Any CPU
		{BDE8F174-7DB6-4D8D-96AA-91AB26DF1654}.Release|Any CPU.ActiveCfg = Release|Any CPU
		{BDE8F174-7DB6-4D8D-96AA-91AB26DF1654}.Release|Any CPU.Build.0 = Release|Any CPU
		{93BCA3E8-5E9C-4ACE-BC41-A307ED14A835}.Debug|Any CPU.ActiveCfg = Debug|Any CPU
		{93BCA3E8-5E9C-4ACE-BC41-A307ED14A835}.Debug|Any CPU.Build.0 = Debug|Any CPU
		{93BCA3E8-5E9C-4ACE-BC41-A307ED14A835}.Release|Any CPU.ActiveCfg = Release|Any CPU
		{93BCA3E8-5E9C-4ACE-BC41-A307ED14A835}.Release|Any CPU.Build.0 = Release|Any CPU
		{241F5D3D-A016-4D62-8743-AF408DC00827}.Debug|Any CPU.ActiveCfg = Debug|Any CPU
		{241F5D3D-A016-4D62-8743-AF408DC00827}.Debug|Any CPU.Build.0 = Debug|Any CPU
		{241F5D3D-A016-4D62-8743-AF408DC00827}.Release|Any CPU.ActiveCfg = Release|Any CPU
		{241F5D3D-A016-4D62-8743-AF408DC00827}.Release|Any CPU.Build.0 = Release|Any CPU
		{C60537A4-7EEB-4C92-9AB0-26D193AD4E3C}.Debug|Any CPU.ActiveCfg = Debug|Any CPU
		{C60537A4-7EEB-4C92-9AB0-26D193AD4E3C}.Debug|Any CPU.Build.0 = Debug|Any CPU
		{C60537A4-7EEB-4C92-9AB0-26D193AD4E3C}.Release|Any CPU.ActiveCfg = Release|Any CPU
		{C60537A4-7EEB-4C92-9AB0-26D193AD4E3C}.Release|Any CPU.Build.0 = Release|Any CPU
		{3C5CAC2B-AB81-4B5E-88C1-D106E8724F7E}.Debug|Any CPU.ActiveCfg = Debug|Any CPU
		{3C5CAC2B-AB81-4B5E-88C1-D106E8724F7E}.Debug|Any CPU.Build.0 = Debug|Any CPU
		{3C5CAC2B-AB81-4B5E-88C1-D106E8724F7E}.Release|Any CPU.ActiveCfg = Release|Any CPU
		{3C5CAC2B-AB81-4B5E-88C1-D106E8724F7E}.Release|Any CPU.Build.0 = Release|Any CPU
		{DA7BA9E0-AC52-411B-AD76-88A053F37DF9}.Debug|Any CPU.ActiveCfg = Debug|Any CPU
		{DA7BA9E0-AC52-411B-AD76-88A053F37DF9}.Debug|Any CPU.Build.0 = Debug|Any CPU
		{DA7BA9E0-AC52-411B-AD76-88A053F37DF9}.Release|Any CPU.ActiveCfg = Release|Any CPU
		{DA7BA9E0-AC52-411B-AD76-88A053F37DF9}.Release|Any CPU.Build.0 = Release|Any CPU
		{71A033C2-C274-40B6-8926-1829EEA1022A}.Debug|Any CPU.ActiveCfg = Debug|Any CPU
		{71A033C2-C274-40B6-8926-1829EEA1022A}.Debug|Any CPU.Build.0 = Debug|Any CPU
		{71A033C2-C274-40B6-8926-1829EEA1022A}.Release|Any CPU.ActiveCfg = Release|Any CPU
		{71A033C2-C274-40B6-8926-1829EEA1022A}.Release|Any CPU.Build.0 = Release|Any CPU
		{11AC27FD-D355-45B1-82CD-61CDEA51ADFF}.Debug|Any CPU.ActiveCfg = Debug|Any CPU
		{11AC27FD-D355-45B1-82CD-61CDEA51ADFF}.Debug|Any CPU.Build.0 = Debug|Any CPU
		{11AC27FD-D355-45B1-82CD-61CDEA51ADFF}.Release|Any CPU.ActiveCfg = Release|Any CPU
		{11AC27FD-D355-45B1-82CD-61CDEA51ADFF}.Release|Any CPU.Build.0 = Release|Any CPU
		{3CB9D734-F344-4CDF-864E-90332C818D21}.Debug|Any CPU.ActiveCfg = Debug|Any CPU
		{3CB9D734-F344-4CDF-864E-90332C818D21}.Debug|Any CPU.Build.0 = Debug|Any CPU
		{3CB9D734-F344-4CDF-864E-90332C818D21}.Release|Any CPU.ActiveCfg = Release|Any CPU
		{3CB9D734-F344-4CDF-864E-90332C818D21}.Release|Any CPU.Build.0 = Release|Any CPU
	EndGlobalSection
	GlobalSection(SolutionProperties) = preSolution
		HideSolutionNode = FALSE
	EndGlobalSection
	GlobalSection(ExtensibilityGlobals) = postSolution
		SolutionGuid = {2241550E-B6FA-4F38-BDC7-15A4E8FB3446}
	EndGlobalSection
EndGlobal
